
Microsoft Visual Studio Solution File, Format Version 12.00
# Visual Studio Version 16
VisualStudioVersion = 16.0.32602.291
MinimumVisualStudioVersion = 10.0.40219.1
Project("{888888A0-9F3D-457C-B088-3A5042F75D52}") = "PythonLab3-1-1-4", "PythonLab3-1-1-4\PythonLab3-1-1-4.pyproj", "{591E6DFB-41F4-4205-A3AC-A97A817EED95}"
EndProject
Global
	GlobalSection(SolutionConfigurationPlatforms) = preSolution
		Debug|Any CPU = Debug|Any CPU
		Release|Any CPU = Release|Any CPU
	EndGlobalSection
	GlobalSection(ProjectConfigurationPlatforms) = postSolution
		{591E6DFB-41F4-4205-A3AC-A97A817EED95}.Debug|Any CPU.ActiveCfg = Debug|Any CPU
		{591E6DFB-41F4-4205-A3AC-A97A817EED95}.Release|Any CPU.ActiveCfg = Release|Any CPU
	EndGlobalSection
	GlobalSection(SolutionProperties) = preSolution
		HideSolutionNode = FALSE
	EndGlobalSection
	GlobalSection(ExtensibilityGlobals) = postSolution
		SolutionGuid = {4E492632-C68A-48C4-B22F-48DE620E8356}
	EndGlobalSection
EndGlobal
